github.com/go-errors/errors v1.0.0 h1:2G1gYpeHw4GhLet4Ebp5q9wpnSCAOJNTiJq+I3wJV5I=
github.com/go-errors/errors v1.0.0/go.mod h1:f4zRHt4oKfwPJE5k8C9vpYG+aDHdBFUsgrm6/TyX73Q=
github.com/google/btree v0.0.0-20180124185431-e89373fe6b4a h1:ZJu5NB1Bk5ms4vw0Xu4i+jD32SE9jQXyfnOvwhHqlT0=
github.com/google/btree v0.0.0-20180124185431-e89373fe6b4a/go.mod h1:lNA+9X1NB3Zf8V7Ke586lFgjr2dZNuvo3lPJSGZ5JPQ=
github.com/gregjones/httpcache v0.0.0-20171119193500-2bcd89a1743f h1:kOkUP6rcVVqC+KlKKENKtgfFfJyDySYhqL9srXooghY=
github.com/gregjones/httpcache v0.0.0-20171119193500-2bcd89a1743f/go.mod h1:FecbI9+v66THATjSRHfNgh1IVFe/9kFxbXtjV0ctIMA=
github.com/h2non/gock v1.0.7 h1:ysCe8XR0rX0kZJJgJgkXN9oz9/Ja5tFA1s+mClGBE0M=
github.com/h2non/gock v1.0.7/go.mod h1:CZMcB0Lg5IWnr9bF79pPMg9WeV6WumxQiUJ1UvdO1iE=
github.com/mikkeloscar/aur v0.0.0-20170502134813-dc2f99767ec5 h1:CrSb04mcbV9Q5nrzkOCUl1PLP3ae79c+DfXPvnvUUtM=
github.com/mikkeloscar/aur v0.0.0-20170502134813-dc2f99767ec5/go.mod h1:n1NKHoldRNhIEufSx1PiDYcd2W+wpbz5/5K+p2eNDVk=
github.com/mikkeloscar/gopkgbuild v0.0.0-20180514210807-7b0e7c63b22e h1:u92cJr44ZhHz233Awuz5+hL5P/mQVGKIL8i5y0BwryY=
github.com/mikkeloscar/gopkgbuild v0.0.0-20180514210807-7b0e7c63b22e/go.mod h1:BWNSEleVHLk1IrOvfhAiiXAOiVFcXDddyef9ZPz2Nb4=
github.com/nbio/st v0.0.0-20140626010706-e9e8d9816f32 h1:W6apQkHrMkS0Muv8G/TipAy/FJl/rCYT0+EuS8+Z0z4=
github.com/nbio/st v0.0.0-20140626010706-e9e8d9816f32/go.mod h1:9wM+0iRr9ahx58uYLpLIr5fm8diHn0JbqRycJi6w0Ms=
github.com/peterbourgon/diskv v2.0.1+incompatible h1:UBdAOUP5p4RWqPBg048CAvpKN+vxiaj6gdUUzhl4XmI=
github.com/peterbourgon/diskv v2.0.1+incompatible/go.mod h1:uqqh8zWWbv1HBMNONnaR/tNboyR3/BZd58JJSHlUSCU=
