github.com/google/btree v1.0.0 h1:0udJVsspx3VBr5FwtLhQQtuAsVc79tTq0ocGIPAU6qo=
github.com/google/btree v1.0.0/go.mod h1:lNA+9X1NB3Zf8V7Ke586lFgjr2dZNuvo3lPJSGZ5JPQ=
github.com/gregjones/httpcache v0.0.0-20190611155906-901d90724c79 h1:+ngKgrYPPJrOjhax5N+uePQ0Fh1Z7PheYoUI/0nzkPA=
github.com/gregjones/httpcache v0.0.0-20190611155906-901d90724c79/go.mod h1:FecbI9+v66THATjSRHfNgh1IVFe/9kFxbXtjV0ctIMA=
github.com/h2non/gock v1.0.7 h1:ysCe8XR0rX0kZJJgJgkXN9oz9/Ja5tFA1s+mClGBE0M=
github.com/h2non/gock v1.0.7/go.mod h1:CZMcB0Lg5IWnr9bF79pPMg9WeV6WumxQiUJ1UvdO1iE=
github.com/mikkeloscar/aur v0.0.0-20190912174111-183f80a38525 h1:T0cWcTw55+0h3bEBHWkDPEKYutNIksrDU4aJfkBJTpo=
github.com/mikkeloscar/aur v0.0.0-20190912174111-183f80a38525/go.mod h1:nYOKcK8tIj69ZZ8uDOWoiT+L25NvlOQaraDqTec/idA=
github.com/mikkeloscar/gopkgbuild v0.0.0-20180615131628-2bb4f1f1db67 h1:74zUCNTWg+i+TgTJU06JiPD5Yc7dOW9kdhKiKmXA8gQ=
github.com/mikkeloscar/gopkgbuild v0.0.0-20180615131628-2bb4f1f1db67/go.mod h1:BWNSEleVHLk1IrOvfhAiiXAOiVFcXDddyef9ZPz2Nb4=
github.com/nbio/st v0.0.0-20140626010706-e9e8d9816f32 h1:W6apQkHrMkS0Muv8G/TipAy/FJl/rCYT0+EuS8+Z0z4=
github.com/nbio/st v0.0.0-20140626010706-e9e8d9816f32/go.mod h1:9wM+0iRr9ahx58uYLpLIr5fm8diHn0JbqRycJi6w0Ms=
github.com/peterbourgon/diskv v2.0.1+incompatible h1:UBdAOUP5p4RWqPBg048CAvpKN+vxiaj6gdUUzhl4XmI=
github.com/peterbourgon/diskv v2.0.1+incompatible/go.mod h1:uqqh8zWWbv1HBMNONnaR/tNboyR3/BZd58JJSHlUSCU=
