# This file is autogenerated, do not edit; changes may be undone by the next 'dep ensure'.


[[projects]]
  name = "github.com/go-errors/errors"
  packages = ["."]
  revision = "3afebba5a48dbc89b574d890b6b34d9ee10b4785"
  version = "v1.0.0"

[[projects]]
  branch = "master"
  name = "github.com/google/btree"
  packages = ["."]
  revision = "e89373fe6b4a7413d7acd6da1725b83ef713e6e4"

[[projects]]
  branch = "master"
  name = "github.com/gregjones/httpcache"
  packages = [
    ".",
    "diskcache"
  ]
  revision = "2bcd89a1743fd4b373f7370ce8ddc14dfbd18229"

[[projects]]
  name = "github.com/h2non/gock"
  packages = ["."]
  revision = "26775f23aa9da4cbd47bc2600a57ac07bbf3bd20"
  version = "v1.0.7"

[[projects]]
  branch = "master"
  name = "github.com/mikkeloscar/aur"
  packages = ["."]
  revision = "dc2f99767ec5d809269bd3bac3878f6e949f8e64"

[[projects]]
  branch = "master"
  name = "github.com/mikkeloscar/gopkgbuild"
  packages = ["."]
  revision = "3cdebdb8609f66a83e1b8bf5bf33b6d12d29940d"

[[projects]]
  branch = "master"
  name = "github.com/petar/GoLLRB"
  packages = ["llrb"]
  revision = "53be0d36a84c2a886ca057d34b6aa4468df9ccb4"

[[projects]]
  name = "github.com/peterbourgon/diskv"
  packages = ["."]
  revision = "5f041e8faa004a95c88a202771f4cc3e991971e6"
  version = "v2.0.1"

[[projects]]
  name = "github.com/zchee/go-xdgbasedir"
  packages = [
    ".",
    "home"
  ]
  revision = "63a14bf4bf2e5df9b03f49d8b9437948511581b5"
  version = "v1.0.0"

[solve-meta]
  analyzer-name = "dep"
  analyzer-version = 1
  inputs-digest = "6e4603d5fd0d7856560fa232979c7cbb4f737b2ff2f50c2ad5dcf1561d12f05e"
  solver-name = "gps-cdcl"
  solver-version = 1
